
Microsoft Visual Studio Solution File, Format Version 12.00
# Visual Studio Version 17
VisualStudioVersion = 17.7.34024.191
MinimumVisualStudioVersion = 10.0.40219.1
Project("{FAE04EC0-301F-11D3-BF4B-00C04F79EFBC}") = "ques9", "ques9\ques9.csproj", "{50800920-2518-4E00-B3A9-3A9B4D4381AA}"
EndProject
Global
	GlobalSection(SolutionConfigurationPlatforms) = preSolution
		Debug|Any CPU = Debug|Any CPU
		Release|Any CPU = Release|Any CPU
	EndGlobalSection
	GlobalSection(ProjectConfigurationPlatforms) = postSolution
		{50800920-2518-4E00-B3A9-3A9B4D4381AA}.Debug|Any CPU.ActiveCfg = Debug|Any CPU
		{50800920-2518-4E00-B3A9-3A9B4D4381AA}.Debug|Any CPU.Build.0 = Debug|Any CPU
		{50800920-2518-4E00-B3A9-3A9B4D4381AA}.Release|Any CPU.ActiveCfg = Release|Any CPU
		{50800920-2518-4E00-B3A9-3A9B4D4381AA}.Release|Any CPU.Build.0 = Release|Any CPU
	EndGlobalSection
	GlobalSection(SolutionProperties) = preSolution
		HideSolutionNode = FALSE
	EndGlobalSection
	GlobalSection(ExtensibilityGlobals) = postSolution
		SolutionGuid = {1C2DE2D8-881B-4D08-AEF8-80668A35DFDA}
	EndGlobalSection
EndGlobal
