
Microsoft Visual Studio Solution File, Format Version 12.00
# Visual Studio Version 17
VisualStudioVersion = 17.7.34024.191
MinimumVisualStudioVersion = 10.0.40219.1
Project("{FAE04EC0-301F-11D3-BF4B-00C04F79EFBC}") = "ques1", "ques1\ques1.csproj", "{D94F0464-39F9-4C13-BE78-60D521C9934D}"
EndProject
Global
	GlobalSection(SolutionConfigurationPlatforms) = preSolution
		Debug|Any CPU = Debug|Any CPU
		Release|Any CPU = Release|Any CPU
	EndGlobalSection
	GlobalSection(ProjectConfigurationPlatforms) = postSolution
		{D94F0464-39F9-4C13-BE78-60D521C9934D}.Debug|Any CPU.ActiveCfg = Debug|Any CPU
		{D94F0464-39F9-4C13-BE78-60D521C9934D}.Debug|Any CPU.Build.0 = Debug|Any CPU
		{D94F0464-39F9-4C13-BE78-60D521C9934D}.Release|Any CPU.ActiveCfg = Release|Any CPU
		{D94F0464-39F9-4C13-BE78-60D521C9934D}.Release|Any CPU.Build.0 = Release|Any CPU
	EndGlobalSection
	GlobalSection(SolutionProperties) = preSolution
		HideSolutionNode = FALSE
	EndGlobalSection
	GlobalSection(ExtensibilityGlobals) = postSolution
		SolutionGuid = {58D25083-F317-471D-B7E1-CBB1E4A9CBCD}
	EndGlobalSection
EndGlobal
